[root]
name = "cargo-plugin"
version = "0.1.0"
dependencies = [
 "toml 0.4.5 (registry+https://github.com/rust-lang/crates.io-index)",
]

[[package]]
name = "serde"
version = "1.0.15"
source = "registry+https://github.com/rust-lang/crates.io-index"

[[package]]
name = "toml"
version = "0.4.5"
source = "registry+https://github.com/rust-lang/crates.io-index"
dependencies = [
 "serde 1.0.15 (registry+https://github.com/rust-lang/crates.io-index)",
]

[metadata]
"checksum serde 1.0.15 (registry+https://github.com/rust-lang/crates.io-index)" = "6a7046c9d4c6c522d10b2d098f9bebe2bef227e0e74044d8c1bfcf6b476af799"
"checksum toml 0.4.5 (registry+https://github.com/rust-lang/crates.io-index)" = "a7540f4ffc193e0d3c94121edb19b055670d369f77d5804db11ae053a45b6e7e"
